// !$*UTF8*$!
{
	archiveVersion = 1;
	classes = {
	};
	objectVersion = 46;
	objects = {

/* Begin PBXBuildFile section */
		FA6711861D9B638100F8A645 /* AppDelegate.swift in Sources */ = {isa = PBXBuildFile; fileRef = FA6711851D9B638100F8A645 /* AppDelegate.swift */; };
		FA6711881D9B638100F8A645 /* Assets.xcassets in Resources */ = {isa = PBXBuildFile; fileRef = FA6711871D9B638100F8A645 /* Assets.xcassets */; };
		FA67118B1D9B638100F8A645 /* MainMenu.xib in Resources */ = {isa = PBXBuildFile; fileRef = FA6711891D9B638100F8A645 /* MainMenu.xib */; };
		FA6711931D9B63B800F8A645 /* Renderer.swift in Sources */ = {isa = PBXBuildFile; fileRef = FA6711921D9B63B800F8A645 /* Renderer.swift */; };
		FA6711951D9B64F300F8A645 /* Shaders.metal in Sources */ = {isa = PBXBuildFile; fileRef = FA6711941D9B64F300F8A645 /* Shaders.metal */; };
		FAA536EB1D9BBCA200A52AF1 /* AppDelegate.swift in Sources */ = {isa = PBXBuildFile; fileRef = FAA536EA1D9BBCA200A52AF1 /* AppDelegate.swift */; };
		FAA536ED1D9BBCA200A52AF1 /* ViewController.swift in Sources */ = {isa = PBXBuildFile; fileRef = FAA536EC1D9BBCA200A52AF1 /* ViewController.swift */; };
		FAA536F21D9BBCA200A52AF1 /* Assets.xcassets in Resources */ = {isa = PBXBuildFile; fileRef = FAA536F11D9BBCA200A52AF1 /* Assets.xcassets */; };
		FAA536F51D9BBCA200A52AF1 /* LaunchScreen.storyboard in Resources */ = {isa = PBXBuildFile; fileRef = FAA536F31D9BBCA200A52AF1 /* LaunchScreen.storyboard */; };
		FAA536FA1D9BBCC600A52AF1 /* Shaders.metal in Sources */ = {isa = PBXBuildFile; fileRef = FA6711941D9B64F300F8A645 /* Shaders.metal */; };
		FAA536FB1D9BBCCA00A52AF1 /* Renderer.swift in Sources */ = {isa = PBXBuildFile; fileRef = FA6711921D9B63B800F8A645 /* Renderer.swift */; };
/* End PBXBuildFile section */

/* Begin PBXFileReference section */
		FA6711821D9B638100F8A645 /* MetalSandbox.app */ = {isa = PBXFileReference; explicitFileType = wrapper.application; includeInIndex = 0; path = MetalSandbox.app; sourceTree = BUILT_PRODUCTS_DIR; };
		FA6711851D9B638100F8A645 /* AppDelegate.swift */ = {isa = PBXFileReference; lastKnownFileType = sourcecode.swift; path = AppDelegate.swift; sourceTree = "<group>"; };
		FA6711871D9B638100F8A645 /* Assets.xcassets */ = {isa = PBXFileReference; lastKnownFileType = folder.assetcatalog; path = Assets.xcassets; sourceTree = "<group>"; };
		FA67118A1D9B638100F8A645 /* Base */ = {isa = PBXFileReference; lastKnownFileType = file.xib; name = Base; path = Base.lproj/MainMenu.xib; sourceTree = "<group>"; };
		FA67118C1D9B638100F8A645 /* Info.plist */ = {isa = PBXFileReference; lastKnownFileType = text.plist.xml; path = Info.plist; sourceTree = "<group>"; };
		FA6711921D9B63B800F8A645 /* Renderer.swift */ = {isa = PBXFileReference; fileEncoding = 4; lastKnownFileType = sourcecode.swift; path = Renderer.swift; sourceTree = "<group>"; };
		FA6711941D9B64F300F8A645 /* Shaders.metal */ = {isa = PBXFileReference; fileEncoding = 4; lastKnownFileType = sourcecode.metal; path = Shaders.metal; sourceTree = "<group>"; };
		FAA536E81D9BBCA200A52AF1 /* iOSMetalSandbox.app */ = {isa = PBXFileReference; explicitFileType = wrapper.application; includeInIndex = 0; path = iOSMetalSandbox.app; sourceTree = BUILT_PRODUCTS_DIR; };
		FAA536EA1D9BBCA200A52AF1 /* AppDelegate.swift */ = {isa = PBXFileReference; lastKnownFileType = sourcecode.swift; path = AppDelegate.swift; sourceTree = "<group>"; };
		FAA536EC1D9BBCA200A52AF1 /* ViewController.swift */ = {isa = PBXFileReference; lastKnownFileType = sourcecode.swift; path = ViewController.swift; sourceTree = "<group>"; };
		FAA536F11D9BBCA200A52AF1 /* Assets.xcassets */ = {isa = PBXFileReference; lastKnownFileType = folder.assetcatalog; path = Assets.xcassets; sourceTree = "<group>"; };
		FAA536F41D9BBCA200A52AF1 /* Base */ = {isa = PBXFileReference; lastKnownFileType = file.storyboard; name = Base; path = Base.lproj/LaunchScreen.storyboard; sourceTree = "<group>"; };
		FAA536F61D9BBCA200A52AF1 /* Info.plist */ = {isa = PBXFileReference; lastKnownFileType = text.plist.xml; path = Info.plist; sourceTree = "<group>"; };
/* End PBXFileReference section */

/* Begin PBXFrameworksBuildPhase section */
		FA67117F1D9B638100F8A645 /* Frameworks */ = {
			isa = PBXFrameworksBuildPhase;
			buildActionMask = 2147483647;
			files = (
			);
			runOnlyForDeploymentPostprocessing = 0;
		};
		FAA536E51D9BBCA200A52AF1 /* Frameworks */ = {
			isa = PBXFrameworksBuildPhase;
			buildActionMask = 2147483647;
			files = (
			);
			runOnlyForDeploymentPostprocessing = 0;
		};
/* End PBXFrameworksBuildPhase section */

/* Begin PBXGroup section */
		FA6711791D9B638100F8A645 = {
			isa = PBXGroup;
			children = (
				FA6711841D9B638100F8A645 /* MetalSandbox */,
				FAA536E91D9BBCA200A52AF1 /* iOSMetalSandbox */,
				FA6711831D9B638100F8A645 /* Products */,
			);
			sourceTree = "<group>";
		};
		FA6711831D9B638100F8A645 /* Products */ = {
			isa = PBXGroup;
			children = (
				FA6711821D9B638100F8A645 /* MetalSandbox.app */,
				FAA536E81D9BBCA200A52AF1 /* iOSMetalSandbox.app */,
			);
			name = Products;
			sourceTree = "<group>";
		};
		FA6711841D9B638100F8A645 /* MetalSandbox */ = {
			isa = PBXGroup;
			children = (
				FA6711941D9B64F300F8A645 /* Shaders.metal */,
				FA6711851D9B638100F8A645 /* AppDelegate.swift */,
				FA6711871D9B638100F8A645 /* Assets.xcassets */,
				FA6711891D9B638100F8A645 /* MainMenu.xib */,
				FA67118C1D9B638100F8A645 /* Info.plist */,
				FA6711921D9B63B800F8A645 /* Renderer.swift */,
			);
			path = MetalSandbox;
			sourceTree = "<group>";
		};
		FAA536E91D9BBCA200A52AF1 /* iOSMetalSandbox */ = {
			isa = PBXGroup;
			children = (
				FAA536EA1D9BBCA200A52AF1 /* AppDelegate.swift */,
				FAA536EC1D9BBCA200A52AF1 /* ViewController.swift */,
				FAA536F11D9BBCA200A52AF1 /* Assets.xcassets */,
				FAA536F31D9BBCA200A52AF1 /* LaunchScreen.storyboard */,
				FAA536F61D9BBCA200A52AF1 /* Info.plist */,
			);
			path = iOSMetalSandbox;
			sourceTree = "<group>";
		};
/* End PBXGroup section */

/* Begin PBXNativeTarget section */
		FA6711811D9B638100F8A645 /* MetalSandbox */ = {
			isa = PBXNativeTarget;
			buildConfigurationList = FA67118F1D9B638100F8A645 /* Build configuration list for PBXNativeTarget "MetalSandbox" */;
			buildPhases = (
				FA67117E1D9B638100F8A645 /* Sources */,
				FA67117F1D9B638100F8A645 /* Frameworks */,
				FA6711801D9B638100F8A645 /* Resources */,
			);
			buildRules = (
			);
			dependencies = (
			);
			name = MetalSandbox;
			productName = MetalSandbox;
			productReference = FA6711821D9B638100F8A645 /* MetalSandbox.app */;
			productType = "com.apple.product-type.application";
		};
		FAA536E71D9BBCA200A52AF1 /* iOSMetalSandbox */ = {
			isa = PBXNativeTarget;
			buildConfigurationList = FAA536F91D9BBCA200A52AF1 /* Build configuration list for PBXNativeTarget "iOSMetalSandbox" */;
			buildPhases = (
				FAA536E41D9BBCA200A52AF1 /* Sources */,
				FAA536E51D9BBCA200A52AF1 /* Frameworks */,
				FAA536E61D9BBCA200A52AF1 /* Resources */,
			);
			buildRules = (
			);
			dependencies = (
			);
			name = iOSMetalSandbox;
			productName = iOSMetalSandbox;
			productReference = FAA536E81D9BBCA200A52AF1 /* iOSMetalSandbox.app */;
			productType = "com.apple.product-type.application";
		};
/* End PBXNativeTarget section */

/* Begin PBXProject section */
		FA67117A1D9B638100F8A645 /* Project object */ = {
			isa = PBXProject;
			attributes = {
				LastSwiftUpdateCheck = 0800;
				LastUpgradeCheck = 0800;
				ORGANIZATIONNAME = "John Coates";
				TargetAttributes = {
					FA6711811D9B638100F8A645 = {
						CreatedOnToolsVersion = 8.0;
						DevelopmentTeam = E6QK4MU6LM;
						ProvisioningStyle = Automatic;
					};
					FAA536E71D9BBCA200A52AF1 = {
						CreatedOnToolsVersion = 8.0;
						DevelopmentTeam = E6QK4MU6LM;
						ProvisioningStyle = Automatic;
					};
				};
			};
			buildConfigurationList = FA67117D1D9B638100F8A645 /* Build configuration list for PBXProject "MetalSandbox" */;
			compatibilityVersion = "Xcode 3.2";
			developmentRegion = English;
			hasScannedForEncodings = 0;
			knownRegions = (
				en,
				Base,
			);
			mainGroup = FA6711791D9B638100F8A645;
			productRefGroup = FA6711831D9B638100F8A645 /* Products */;
			projectDirPath = "";
			projectRoot = "";
			targets = (
				FA6711811D9B638100F8A645 /* MetalSandbox */,
				FAA536E71D9BBCA200A52AF1 /* iOSMetalSandbox */,
			);
		};
/* End PBXProject section */

/* Begin PBXResourcesBuildPhase section */
		FA6711801D9B638100F8A645 /* Resources */ = {
			isa = PBXResourcesBuildPhase;
			buildActionMask = 2147483647;
			files = (
				FA6711881D9B638100F8A645 /* Assets.xcassets in Resources */,
				FA67118B1D9B638100F8A645 /* MainMenu.xib in Resources */,
			);
			runOnlyForDeploymentPostprocessing = 0;
		};
		FAA536E61D9BBCA200A52AF1 /* Resources */ = {
			isa = PBXResourcesBuildPhase;
			buildActionMask = 2147483647;
			files = (
				FAA536F51D9BBCA200A52AF1 /* LaunchScreen.storyboard in Resources */,
				FAA536F21D9BBCA200A52AF1 /* Assets.xcassets in Resources */,
			);
			runOnlyForDeploymentPostprocessing = 0;
		};
/* End PBXResourcesBuildPhase section */

/* Begin PBXSourcesBuildPhase section */
		FA67117E1D9B638100F8A645 /* Sources */ = {
			isa = PBXSourcesBuildPhase;
			buildActionMask = 2147483647;
			files = (
				FA6711951D9B64F300F8A645 /* Shaders.metal in Sources */,
				FA6711931D9B63B800F8A645 /* Renderer.swift in Sources */,
				FA6711861D9B638100F8A645 /* AppDelegate.swift in Sources */,
			);
			runOnlyForDeploymentPostprocessing = 0;
		};
		FAA536E41D9BBCA200A52AF1 /* Sources */ = {
			isa = PBXSourcesBuildPhase;
			buildActionMask = 2147483647;
			files = (
				FAA536FB1D9BBCCA00A52AF1 /* Renderer.swift in Sources */,
				FAA536FA1D9BBCC600A52AF1 /* Shaders.metal in Sources */,
				FAA536ED1D9BBCA200A52AF1 /* ViewController.swift in Sources */,
				FAA536EB1D9BBCA200A52AF1 /* AppDelegate.swift in Sources */,
			);
			runOnlyForDeploymentPostprocessing = 0;
		};
/* End PBXSourcesBuildPhase section */

/* Begin PBXVariantGroup section */
		FA6711891D9B638100F8A645 /* MainMenu.xib */ = {
			isa = PBXVariantGroup;
			children = (
				FA67118A1D9B638100F8A645 /* Base */,
			);
			name = MainMenu.xib;
			sourceTree = "<group>";
		};
		FAA536F31D9BBCA200A52AF1 /* LaunchScreen.storyboard */ = {
			isa = PBXVariantGroup;
			children = (
				FAA536F41D9BBCA200A52AF1 /* Base */,
			);
			name = LaunchScreen.storyboard;
			sourceTree = "<group>";
		};
/* End PBXVariantGroup section */

/* Begin XCBuildConfiguration section */
		FA67118D1D9B638100F8A645 /* Debug */ = {
			isa = XCBuildConfiguration;
			buildSettings = {
				ALWAYS_SEARCH_USER_PATHS = NO;
				CLANG_ANALYZER_NONNULL = YES;
				CLANG_CXX_LANGUAGE_STANDARD = "gnu++0x";
				CLANG_CXX_LIBRARY = "libc++";
				CLANG_ENABLE_MODULES = YES;
				CLANG_ENABLE_OBJC_ARC = YES;
				CLANG_WARN_BOOL_CONVERSION = YES;
				CLANG_WARN_CONSTANT_CONVERSION = YES;
				CLANG_WARN_DIRECT_OBJC_ISA_USAGE = YES_ERROR;
				CLANG_WARN_DOCUMENTATION_COMMENTS = YES;
				CLANG_WARN_EMPTY_BODY = YES;
				CLANG_WARN_ENUM_CONVERSION = YES;
				CLANG_WARN_INFINITE_RECURSION = YES;
				CLANG_WARN_INT_CONVERSION = YES;
				CLANG_WARN_OBJC_ROOT_CLASS = YES_ERROR;
				CLANG_WARN_SUSPICIOUS_MOVES = YES;
				CLANG_WARN_UNREACHABLE_CODE = YES;
				CLANG_WARN__DUPLICATE_METHOD_MATCH = YES;
				CODE_SIGN_IDENTITY = "-";
				COPY_PHASE_STRIP = NO;
				DEBUG_INFORMATION_FORMAT = dwarf;
				ENABLE_STRICT_OBJC_MSGSEND = YES;
				ENABLE_TESTABILITY = YES;
				GCC_C_LANGUAGE_STANDARD = gnu99;
				GCC_DYNAMIC_NO_PIC = NO;
				GCC_NO_COMMON_BLOCKS = YES;
				GCC_OPTIMIZATION_LEVEL = 0;
				GCC_PREPROCESSOR_DEFINITIONS = (
					"DEBUG=1",
					"$(inherited)",
				);
				GCC_WARN_64_TO_32_BIT_CONVERSION = YES;
				GCC_WARN_ABOUT_RETURN_TYPE = YES_ERROR;
				GCC_WARN_UNDECLARED_SELECTOR = YES;
				GCC_WARN_UNINITIALIZED_AUTOS = YES_AGGRESSIVE;
				GCC_WARN_UNUSED_FUNCTION = YES;
				GCC_WARN_UNUSED_VARIABLE = YES;
				IPHONEOS_DEPLOYMENT_TARGET = 9.0;
				MACOSX_DEPLOYMENT_TARGET = 10.11;
				MTL_ENABLE_DEBUG_INFO = YES;
				ONLY_ACTIVE_ARCH = YES;
				SDKROOT = macosx;
				SWIFT_ACTIVE_COMPILATION_CONDITIONS = DEBUG;
				SWIFT_OPTIMIZATION_LEVEL = "-Onone";
			};
			name = Debug;
		};
		FA67118E1D9B638100F8A645 /* Release */ = {
			isa = XCBuildConfiguration;
			buildSettings = {
				ALWAYS_SEARCH_USER_PATHS = NO;
				CLANG_ANALYZER_NONNULL = YES;
				CLANG_CXX_LANGUAGE_STANDARD = "gnu++0x";
				CLANG_CXX_LIBRARY = "libc++";
				CLANG_ENABLE_MODULES = YES;
				CLANG_ENABLE_OBJC_ARC = YES;
				CLANG_WARN_BOOL_CONVERSION = YES;
				CLANG_WARN_CONSTANT_CONVERSION = YES;
				CLANG_WARN_DIRECT_OBJC_ISA_USAGE = YES_ERROR;
				CLANG_WARN_DOCUMENTATION_COMMENTS = YES;
				CLANG_WARN_EMPTY_BODY = YES;
				CLANG_WARN_ENUM_CONVERSION = YES;
				CLANG_WARN_INFINITE_RECURSION = YES;
				CLANG_WARN_INT_CONVERSION = YES;
				CLANG_WARN_OBJC_ROOT_CLASS = YES_ERROR;
				CLANG_WARN_SUSPICIOUS_MOVES = YES;
				CLANG_WARN_UNREACHABLE_CODE = YES;
				CLANG_WARN__DUPLICATE_METHOD_MATCH = YES;
				CODE_SIGN_IDENTITY = "-";
				COPY_PHASE_STRIP = NO;
				DEBUG_INFORMATION_FORMAT = "dwarf-with-dsym";
				ENABLE_NS_ASSERTIONS = NO;
				ENABLE_STRICT_OBJC_MSGSEND = YES;
				GCC_C_LANGUAGE_STANDARD = gnu99;
				GCC_NO_COMMON_BLOCKS = YES;
				GCC_WARN_64_TO_32_BIT_CONVERSION = YES;
				GCC_WARN_ABOUT_RETURN_TYPE = YES_ERROR;
				GCC_WARN_UNDECLARED_SELECTOR = YES;
				GCC_WARN_UNINITIALIZED_AUTOS = YES_AGGRESSIVE;
				GCC_WARN_UNUSED_FUNCTION = YES;
				GCC_WARN_UNUSED_VARIABLE = YES;
				IPHONEOS_DEPLOYMENT_TARGET = 9.0;
				MACOSX_DEPLOYMENT_TARGET = 10.11;
				MTL_ENABLE_DEBUG_INFO = NO;
				SDKROOT = macosx;
				SWIFT_OPTIMIZATION_LEVEL = "-Owholemodule";
			};
			name = Release;
		};
		FA6711901D9B638100F8A645 /* Debug */ = {
			isa = XCBuildConfiguration;
			buildSettings = {
				ASSETCATALOG_COMPILER_APPICON_NAME = AppIcon;
				COMBINE_HIDPI_IMAGES = YES;
				DEVELOPMENT_TEAM = E6QK4MU6LM;
				INFOPLIST_FILE = MetalSandbox/Info.plist;
				LD_RUNPATH_SEARCH_PATHS = "$(inherited) @executable_path/../Frameworks";
				PRODUCT_BUNDLE_IDENTIFIER = com.johncoates.MetalSandbox;
				PRODUCT_NAME = "$(TARGET_NAME)";
				SWIFT_VERSION = 3.0;
			};
			name = Debug;
		};
		FA6711911D9B638100F8A645 /* Release */ = {
			isa = XCBuildConfiguration;
			buildSettings = {
				ASSETCATALOG_COMPILER_APPICON_NAME = AppIcon;
				COMBINE_HIDPI_IMAGES = YES;
				DEVELOPMENT_TEAM = E6QK4MU6LM;
				INFOPLIST_FILE = MetalSandbox/Info.plist;
				LD_RUNPATH_SEARCH_PATHS = "$(inherited) @executable_path/../Frameworks";
				PRODUCT_BUNDLE_IDENTIFIER = com.johncoates.MetalSandbox;
				PRODUCT_NAME = "$(TARGET_NAME)";
				SWIFT_VERSION = 3.0;
			};
			name = Release;
		};
		FAA536F71D9BBCA200A52AF1 /* Debug */ = {
			isa = XCBuildConfiguration;
			buildSettings = {
				ASSETCATALOG_COMPILER_APPICON_NAME = AppIcon;
				"CODE_SIGN_IDENTITY[sdk=iphoneos*]" = "iPhone Developer";
				DEVELOPMENT_TEAM = E6QK4MU6LM;
				INFOPLIST_FILE = iOSMetalSandbox/Info.plist;
				LD_RUNPATH_SEARCH_PATHS = "$(inherited) @executable_path/Frameworks";
				PRODUCT_BUNDLE_IDENTIFIER = com.johncoates.iOSMetalSandbox;
				PRODUCT_NAME = "$(TARGET_NAME)";
				SDKROOT = iphoneos;
				SWIFT_VERSION = 3.0;
			};
			name = Debug;
		};
		FAA536F81D9BBCA200A52AF1 /* Release */ = {
			isa = XCBuildConfiguration;
			buildSettings = {
				ASSETCATALOG_COMPILER_APPICON_NAME = AppIcon;
				"CODE_SIGN_IDENTITY[sdk=iphoneos*]" = "iPhone Developer";
				DEVELOPMENT_TEAM = E6QK4MU6LM;
				INFOPLIST_FILE = iOSMetalSandbox/Info.plist;
				LD_RUNPATH_SEARCH_PATHS = "$(inherited) @executable_path/Frameworks";
				PRODUCT_BUNDLE_IDENTIFIER = com.johncoates.iOSMetalSandbox;
				PRODUCT_NAME = "$(TARGET_NAME)";
				SDKROOT = iphoneos;
				SWIFT_VERSION = 3.0;
				VALIDATE_PRODUCT = YES;
			};
			name = Release;
		};
/* End XCBuildConfiguration section */

/* Begin XCConfigurationList section */
		FA67117D1D9B638100F8A645 /* Build configuration list for PBXProject "MetalSandbox" */ = {
			isa = XCConfigurationList;
			buildConfigurations = (
				FA67118D1D9B638100F8A645 /* Debug */,
				FA67118E1D9B638100F8A645 /* Release */,
			);
			defaultConfigurationIsVisible = 0;
			defaultConfigurationName = Release;
		};
		FA67118F1D9B638100F8A645 /* Build configuration list for PBXNativeTarget "MetalSandbox" */ = {
			isa = XCConfigurationList;
			buildConfigurations = (
				FA6711901D9B638100F8A645 /* Debug */,
				FA6711911D9B638100F8A645 /* Release */,
			);
			defaultConfigurationIsVisible = 0;
			defaultConfigurationName = Release;
		};
		FAA536F91D9BBCA200A52AF1 /* Build configuration list for PBXNativeTarget "iOSMetalSandbox" */ = {
			isa = XCConfigurationList;
			buildConfigurations = (
				FAA536F71D9BBCA200A52AF1 /* Debug */,
				FAA536F81D9BBCA200A52AF1 /* Release */,
			);
			defaultConfigurationIsVisible = 0;
		};
/* End XCConfigurationList section */
	};
	rootObject = FA67117A1D9B638100F8A645 /* Project object */;
}
